{
  "originHash" : "4e0e0fd4f3495bdc002e0d0bb2634e57754a4b77d7a5bc452464c7979e6147dc",
  "pins" : [
    {
      "identity" : "alamofire",
      "kind" : "remoteSourceControl",
      "location" : "https://github.com/Alamofire/Alamofire.git",
      "state" : {
        "revision" : "513364f870f6bfc468f9d2ff0a95caccc10044c5",
        "version" : "5.10.2"
      }
    },
    {
      "identity" : "json",
      "kind" : "remoteSourceControl",
      "location" : "https://github.com/skelpo/json.git",
      "state" : {
        "branch" : "main",
        "revision" : "2673a405aaab323678a8fd118492b393ae45cebd"
      }
    },
    {
      "identity" : "swift-argument-parser",
      "kind" : "remoteSourceControl",
      "location" : "https://github.com/apple/swift-argument-parser.git",
      "state" : {
        "revision" : "41982a3656a71c768319979febd796c6fd111d5c",
        "version" : "1.5.0"
      }
    }
  ],
  "version" : 3
}
